dependencies:
- name: opentelemetry-collector
  repository: https://open-telemetry.github.io/opentelemetry-helm-charts
  version: 0.111.0
- name: prometheus
  repository: https://prometheus-community.github.io/helm-charts
  version: 27.5.0
- name: tempo
  repository: https://grafana.github.io/helm-charts
  version: 1.18.0
- name: grafana
  repository: https://grafana.github.io/helm-charts
  version: 8.10.0
digest: sha256:f8d75a537495e940596186ab7067061a0e3ca167cf4dc49f3d18ed3c50da163d
generated: "2026-06-25T19:09:24.442687439+03:00"
